
Microsoft Visual Studio Solution File, Format Version 12.00
# Visual Studio Version 17
VisualStudioVersion = 17.3.32922.545
MinimumVisualStudioVersion = 10.0.40219.1
Project("{FAE04EC0-301F-11D3-BF4B-00C04F79EFBC}") = "IdentityApp", "IdentityApp\IdentityApp.csproj", "{6B34F70D-6652-4DA2-AC1C-88DC244257B9}"
EndProject
Global
	GlobalSection(SolutionConfigurationPlatforms) = preSolution
		Debug|Any CPU = Debug|Any CPU
		Release|Any CPU = Release|Any CPU
	EndGlobalSection
	GlobalSection(ProjectConfigurationPlatforms) = postSolution
		{6B34F70D-6652-4DA2-AC1C-88DC244257B9}.Debug|Any CPU.ActiveCfg = Debug|Any CPU
		{6B34F70D-6652-4DA2-AC1C-88DC244257B9}.Debug|Any CPU.Build.0 = Debug|Any CPU
		{6B34F70D-6652-4DA2-AC1C-88DC244257B9}.Release|Any CPU.ActiveCfg = Release|Any CPU
		{6B34F70D-6652-4DA2-AC1C-88DC244257B9}.Release|Any CPU.Build.0 = Release|Any CPU
	EndGlobalSection
	GlobalSection(SolutionProperties) = preSolution
		HideSolutionNode = FALSE
	EndGlobalSection
	GlobalSection(ExtensibilityGlobals) = postSolution
		SolutionGuid = {97F46F7C-9CB8-4B23-A6C5-280B2C494181}
	EndGlobalSection
EndGlobal
